{
  "name": "skate_spot_app",
  "lockfileVersion": 2,
  "requires": true,
  "packages": {
    "": {
      "dependencies": {
        "@cloudinary/react": "^1.1.0",
        "@cloudinary/url-gen": "^1.6.0",
        "dotenv": "^16.0.0"
      }
    },
    "node_modules/@cloudinary/html": {
      "version": "1.1.0",
      "resolved": "https://registry.npmjs.org/@cloudinary/html/-/html-1.1.0.tgz",
      "integrity": "sha512-11cWWqPjk+7NbWHVTLtdaM8KVZyx/48X8n940nLIApEIdJtxzppDFGaXm/S3CrXcjoKgiGr2CxL8rkbDDQWSfA==",
      "dependencies": {
        "@types/lodash.clonedeep": "^4.5.6",
        "@types/lodash.debounce": "^4.0.6",
        "@types/node": "^14.14.10",
        "lodash.clonedeep": "^4.5.0",
        "lodash.debounce": "^4.0.8",
        "typescript": "^4.1.2"
      }
    },
    "node_modules/@cloudinary/react": {
      "version": "1.1.0",
      "resolved": "https://registry.npmjs.org/@cloudinary/react/-/react-1.1.0.tgz",
      "integrity": "sha512-fbucHFj9s8Bodoz7xCOYLOgD79/c09cY9Km/H4OZcOG14/RZy3LfhskRsyqJ+HKqAQnMDU4ujogSwZ4bkuVm/A==",
      "dependencies": {
        "@cloudinary/html": "^1.1.0"
      },
      "engines": {
        "node": ">=10"
      },
      "peerDependencies": {
        "react": "^16.3.0 || ^17.0.0"
      }
    },
    "node_modules/@cloudinary/url-gen": {
      "version": "1.6.0",
      "resolved": "https://registry.npmjs.org/@cloudinary/url-gen/-/url-gen-1.6.0.tgz",
      "integrity": "sha512-Ir7IloApze7tUmLxDUjFw3GOcs7/Hrh47p4U3CCtC6wI59ZGMHQe3l3aNhMtdYrJxCVIs2jYp6obWetcfTf3GQ=="
    },
    "node_modules/@types/lodash": {
      "version": "4.14.179",
      "resolved": "https://registry.npmjs.org/@types/lodash/-/lodash-4.14.179.tgz",
      "integrity": "sha512-uwc1x90yCKqGcIOAT6DwOSuxnrAbpkdPsUOZtwrXb4D/6wZs+6qG7QnIawDuZWg0sWpxl+ltIKCaLoMlna678w=="
    },
    "node_modules/@types/lodash.clonedeep": {
      "version": "4.5.6",
      "resolved": "https://registry.npmjs.org/@types/lodash.clonedeep/-/lodash.clonedeep-4.5.6.tgz",
      "integrity": "sha512-cE1jYr2dEg1wBImvXlNtp0xDoS79rfEdGozQVgliDZj1uERH4k+rmEMTudP9b4VQ8O6nRb5gPqft0QzEQGMQgA==",
      "dependencies": {
        "@types/lodash": "*"
      }
    },
    "node_modules/@types/lodash.debounce": {
      "version": "4.0.6",
      "resolved": "https://registry.npmjs.org/@types/lodash.debounce/-/lodash.debounce-4.0.6.tgz",
      "integrity": "sha512-4WTmnnhCfDvvuLMaF3KV4Qfki93KebocUF45msxhYyjMttZDQYzHkO639ohhk8+oco2cluAFL3t5+Jn4mleylQ==",
      "dependencies": {
        "@types/lodash": "*"
      }
    },
    "node_modules/@types/node": {
      "version": "14.18.12",
      "resolved": "https://registry.npmjs.org/@types/node/-/node-14.18.12.tgz",
      "integrity": "sha512-q4jlIR71hUpWTnGhXWcakgkZeHa3CCjcQcnuzU8M891BAWA2jHiziiWEPEkdS5pFsz7H9HJiy8BrK7tBRNrY7A=="
    },
    "node_modules/dotenv": {
      "version": "16.0.0",
      "resolved": "https://registry.npmjs.org/dotenv/-/dotenv-16.0.0.tgz",
      "integrity": "sha512-qD9WU0MPM4SWLPJy/r2Be+2WgQj8plChsyrCNQzW/0WjvcJQiKQJ9mH3ZgB3fxbUUxgc/11ZJ0Fi5KiimWGz2Q==",
      "engines": {
        "node": ">=12"
      }
    },
    "node_modules/js-tokens": {
      "version": "4.0.0",
      "resolved": "https://registry.npmjs.org/js-tokens/-/js-tokens-4.0.0.tgz",
      "integrity": "sha512-RdJUflcE3cUzKiMqQgsCu06FPu9UdIJO0beYbPhHN4k6apgJtifcoCtT9bcxOpYBtpD2kCM6Sbzg4CausW/PKQ==",
      "peer": true
    },
    "node_modules/lodash.clonedeep": {
      "version": "4.5.0",
      "resolved": "https://registry.npmjs.org/lodash.clonedeep/-/lodash.clonedeep-4.5.0.tgz",
      "integrity": "sha1-4j8/nE+Pvd6HJSnBBxhXoIblzO8="
    },
    "node_modules/lodash.debounce": {
      "version": "4.0.8",
      "resolved": "https://registry.npmjs.org/lodash.debounce/-/lodash.debounce-4.0.8.tgz",
      "integrity": "sha1-gteb/zCmfEAF/9XiUVMArZyk168="
    },
    "node_modules/loose-envify": {
      "version": "1.4.0",
      "resolved": "https://registry.npmjs.org/loose-envify/-/loose-envify-1.4.0.tgz",
      "integrity": "sha512-lyuxPGr/Wfhrlem2CL/UcnUc1zcqKAImBDzukY7Y5F/yQiNdko6+fRLevlw1HgMySw7f611UIY408EtxRSoK3Q==",
      "peer": true,
      "dependencies": {
        "js-tokens": "^3.0.0 || ^4.0.0"
      },
      "bin": {
        "loose-envify": "cli.js"
      }
    },
    "node_modules/object-assign": {
      "version": "4.1.1",
      "resolved": "https://registry.npmjs.org/object-assign/-/object-assign-4.1.1.tgz",
      "integrity": "sha1-IQmtx5ZYh8/AXLvUQsrIv7s2CGM=",
      "peer": true,
      "engines": {
        "node": ">=0.10.0"
      }
    },
    "node_modules/react": {
      "version": "17.0.2",
      "resolved": "https://registry.npmjs.org/react/-/react-17.0.2.tgz",
      "integrity": "sha512-gnhPt75i/dq/z3/6q/0asP78D0u592D5L1pd7M8P+dck6Fu/jJeL6iVVK23fptSUZj8Vjf++7wXA8UNclGQcbA==",
      "peer": true,
      "dependencies": {
        "loose-envify": "^1.1.0",
        "object-assign": "^4.1.1"
      },
      "engines": {
        "node": ">=0.10.0"
      }
    },
    "node_modules/typescript": {
      "version": "4.6.2",
      "resolved": "https://registry.npmjs.org/typescript/-/typescript-4.6.2.tgz",
      "integrity": "sha512-HM/hFigTBHZhLXshn9sN37H085+hQGeJHJ/X7LpBWLID/fbc2acUMfU+lGD98X81sKP+pFa9f0DZmCwB9GnbAg==",
      "bin": {
        "tsc": "bin/tsc",
        "tsserver": "bin/tsserver"
      },
      "engines": {
        "node": ">=4.2.0"
      }
    }
  },
  "dependencies": {
    "@cloudinary/html": {
      "version": "1.1.0",
      "resolved": "https://registry.npmjs.org/@cloudinary/html/-/html-1.1.0.tgz",
      "integrity": "sha512-11cWWqPjk+7NbWHVTLtdaM8KVZyx/48X8n940nLIApEIdJtxzppDFGaXm/S3CrXcjoKgiGr2CxL8rkbDDQWSfA==",
      "requires": {
        "@types/lodash.clonedeep": "^4.5.6",
        "@types/lodash.debounce": "^4.0.6",
        "@types/node": "^14.14.10",
        "lodash.clonedeep": "^4.5.0",
        "lodash.debounce": "^4.0.8",
        "typescript": "^4.1.2"
      }
    },
    "@cloudinary/react": {
      "version": "1.1.0",
      "resolved": "https://registry.npmjs.org/@cloudinary/react/-/react-1.1.0.tgz",
      "integrity": "sha512-fbucHFj9s8Bodoz7xCOYLOgD79/c09cY9Km/H4OZcOG14/RZy3LfhskRsyqJ+HKqAQnMDU4ujogSwZ4bkuVm/A==",
      "requires": {
        "@cloudinary/html": "^1.1.0"
      }
    },
    "@cloudinary/url-gen": {
      "version": "1.6.0",
      "resolved": "https://registry.npmjs.org/@cloudinary/url-gen/-/url-gen-1.6.0.tgz",
      "integrity": "sha512-Ir7IloApze7tUmLxDUjFw3GOcs7/Hrh47p4U3CCtC6wI59ZGMHQe3l3aNhMtdYrJxCVIs2jYp6obWetcfTf3GQ=="
    },
    "@types/lodash": {
      "version": "4.14.179",
      "resolved": "https://registry.npmjs.org/@types/lodash/-/lodash-4.14.179.tgz",
      "integrity": "sha512-uwc1x90yCKqGcIOAT6DwOSuxnrAbpkdPsUOZtwrXb4D/6wZs+6qG7QnIawDuZWg0sWpxl+ltIKCaLoMlna678w=="
    },
    "@types/lodash.clonedeep": {
      "version": "4.5.6",
      "resolved": "https://registry.npmjs.org/@types/lodash.clonedeep/-/lodash.clonedeep-4.5.6.tgz",
      "integrity": "sha512-cE1jYr2dEg1wBImvXlNtp0xDoS79rfEdGozQVgliDZj1uERH4k+rmEMTudP9b4VQ8O6nRb5gPqft0QzEQGMQgA==",
      "requires": {
        "@types/lodash": "*"
      }
    },
    "@types/lodash.debounce": {
      "version": "4.0.6",
      "resolved": "https://registry.npmjs.org/@types/lodash.debounce/-/lodash.debounce-4.0.6.tgz",
      "integrity": "sha512-4WTmnnhCfDvvuLMaF3KV4Qfki93KebocUF45msxhYyjMttZDQYzHkO639ohhk8+oco2cluAFL3t5+Jn4mleylQ==",
      "requires": {
        "@types/lodash": "*"
      }
    },
    "@types/node": {
      "version": "14.18.12",
      "resolved": "https://registry.npmjs.org/@types/node/-/node-14.18.12.tgz",
      "integrity": "sha512-q4jlIR71hUpWTnGhXWcakgkZeHa3CCjcQcnuzU8M891BAWA2jHiziiWEPEkdS5pFsz7H9HJiy8BrK7tBRNrY7A=="
    },
    "dotenv": {
      "version": "16.0.0",
      "resolved": "https://registry.npmjs.org/dotenv/-/dotenv-16.0.0.tgz",
      "integrity": "sha512-qD9WU0MPM4SWLPJy/r2Be+2WgQj8plChsyrCNQzW/0WjvcJQiKQJ9mH3ZgB3fxbUUxgc/11ZJ0Fi5KiimWGz2Q=="
    },
    "js-tokens": {
      "version": "4.0.0",
      "resolved": "https://registry.npmjs.org/js-tokens/-/js-tokens-4.0.0.tgz",
      "integrity": "sha512-RdJUflcE3cUzKiMqQgsCu06FPu9UdIJO0beYbPhHN4k6apgJtifcoCtT9bcxOpYBtpD2kCM6Sbzg4CausW/PKQ==",
      "peer": true
    },
    "lodash.clonedeep": {
      "version": "4.5.0",
      "resolved": "https://registry.npmjs.org/lodash.clonedeep/-/lodash.clonedeep-4.5.0.tgz",
      "integrity": "sha1-4j8/nE+Pvd6HJSnBBxhXoIblzO8="
    },
    "lodash.debounce": {
      "version": "4.0.8",
      "resolved": "https://registry.npmjs.org/lodash.debounce/-/lodash.debounce-4.0.8.tgz",
      "integrity": "sha1-gteb/zCmfEAF/9XiUVMArZyk168="
    },
    "loose-envify": {
      "version": "1.4.0",
      "resolved": "https://registry.npmjs.org/loose-envify/-/loose-envify-1.4.0.tgz",
      "integrity": "sha512-lyuxPGr/Wfhrlem2CL/UcnUc1zcqKAImBDzukY7Y5F/yQiNdko6+fRLevlw1HgMySw7f611UIY408EtxRSoK3Q==",
      "peer": true,
      "requires": {
        "js-tokens": "^3.0.0 || ^4.0.0"
      }
    },
    "object-assign": {
      "version": "4.1.1",
      "resolved": "https://registry.npmjs.org/object-assign/-/object-assign-4.1.1.tgz",
      "integrity": "sha1-IQmtx5ZYh8/AXLvUQsrIv7s2CGM=",
      "peer": true
    },
    "react": {
      "version": "17.0.2",
      "resolved": "https://registry.npmjs.org/react/-/react-17.0.2.tgz",
      "integrity": "sha512-gnhPt75i/dq/z3/6q/0asP78D0u592D5L1pd7M8P+dck6Fu/jJeL6iVVK23fptSUZj8Vjf++7wXA8UNclGQcbA==",
      "peer": true,
      "requires": {
        "loose-envify": "^1.1.0",
        "object-assign": "^4.1.1"
      }
    },
    "typescript": {
      "version": "4.6.2",
      "resolved": "https://registry.npmjs.org/typescript/-/typescript-4.6.2.tgz",
      "integrity": "sha512-HM/hFigTBHZhLXshn9sN37H085+hQGeJHJ/X7LpBWLID/fbc2acUMfU+lGD98X81sKP+pFa9f0DZmCwB9GnbAg=="
    }
  }
}
